{
  "name": "donovan-kgithubio",
  "lockfileVersion": 2,
  "requires": true,
  "packages": {
    "": {
      "dependencies": {
        "@foobar404/wave": "^2.0.4"
      }
    },
    "node_modules/@foobar404/wave": {
      "version": "2.0.4",
      "resolved": "https://registry.npmjs.org/@foobar404/wave/-/wave-2.0.4.tgz",
      "integrity": "sha512-FEyg37hDvQtrQVlFxbit7ov5e487BjsR32bZfJ4oAb5i+NnlbGaNyy6iYBZ8ocVHo8fgug+SL+mFdDTzqjvPww=="
    }
  },
  "dependencies": {
    "@foobar404/wave": {
      "version": "2.0.4",
      "resolved": "https://registry.npmjs.org/@foobar404/wave/-/wave-2.0.4.tgz",
      "integrity": "sha512-FEyg37hDvQtrQVlFxbit7ov5e487BjsR32bZfJ4oAb5i+NnlbGaNyy6iYBZ8ocVHo8fgug+SL+mFdDTzqjvPww=="
    }
  }
}
